
Microsoft Visual Studio Solution File, Format Version 12.00
# Visual Studio Version 17
VisualStudioVersion = 17.1.32421.90
MinimumVisualStudioVersion = 10.0.40219.1
Project("{FAE04EC0-301F-11D3-BF4B-00C04F79EFBC}") = "Oevelse7", "Oevelse7.csproj", "{CA2C78AE-0BCA-4CEA-869F-72877F5D4CE5}"
EndProject
Global
	GlobalSection(SolutionConfigurationPlatforms) = preSolution
		Debug|Any CPU = Debug|Any CPU
		Release|Any CPU = Release|Any CPU
	EndGlobalSection
	GlobalSection(ProjectConfigurationPlatforms) = postSolution
		{CA2C78AE-0BCA-4CEA-869F-72877F5D4CE5}.Debug|Any CPU.ActiveCfg = Debug|Any CPU
		{CA2C78AE-0BCA-4CEA-869F-72877F5D4CE5}.Debug|Any CPU.Build.0 = Debug|Any CPU
		{CA2C78AE-0BCA-4CEA-869F-72877F5D4CE5}.Release|Any CPU.ActiveCfg = Release|Any CPU
		{CA2C78AE-0BCA-4CEA-869F-72877F5D4CE5}.Release|Any CPU.Build.0 = Release|Any CPU
	EndGlobalSection
	GlobalSection(SolutionProperties) = preSolution
		HideSolutionNode = FALSE
	EndGlobalSection
	GlobalSection(ExtensibilityGlobals) = postSolution
		SolutionGuid = {26E8922C-8274-480A-B02E-3DC880AB7EE7}
	EndGlobalSection
EndGlobal
